
Microsoft Visual Studio Solution File, Format Version 12.00
# Visual Studio Version 17
VisualStudioVersion = 17.5.002.0
MinimumVisualStudioVersion = 10.0.40219.1
Project("{9A19103F-16F7-4668-BE54-9A1E7A4F7556}") = "MobileManager", "MobileManager.csproj", "{C96235D1-2023-4E3B-810F-DCA1D1612CDA}"
EndProject
Global
	GlobalSection(SolutionConfigurationPlatforms) = preSolution
		Debug|Any CPU = Debug|Any CPU
		Release|Any CPU = Release|Any CPU
	EndGlobalSection
	GlobalSection(ProjectConfigurationPlatforms) = postSolution
		{C96235D1-2023-4E3B-810F-DCA1D1612CDA}.Debug|Any CPU.ActiveCfg = Debug|Any CPU
		{C96235D1-2023-4E3B-810F-DCA1D1612CDA}.Debug|Any CPU.Build.0 = Debug|Any CPU
		{C96235D1-2023-4E3B-810F-DCA1D1612CDA}.Release|Any CPU.ActiveCfg = Release|Any CPU
		{C96235D1-2023-4E3B-810F-DCA1D1612CDA}.Release|Any CPU.Build.0 = Release|Any CPU
	EndGlobalSection
	GlobalSection(SolutionProperties) = preSolution
		HideSolutionNode = FALSE
	EndGlobalSection
	GlobalSection(ExtensibilityGlobals) = postSolution
		SolutionGuid = {4EACAA0D-A01A-4166-AD49-2A3CDB420CFE}
	EndGlobalSection
EndGlobal
